
Microsoft Visual Studio Solution File, Format Version 12.00
Project("{2150E333-8FDC-42A3-9474-1A3956D46DE8}") = "UM", "UM", "{0D044FB5-A5A2-4D2E-B2E0-C8E7BD815C9C}"
EndProject
Project("{FAE04EC0-301F-11D3-BF4B-00C04F79EFBC}") = "UM.Api", "UM\UM.Api\UM.Api.csproj", "{7D60DE20-6B3B-4CEA-A137-3AEA4205EC01}"
EndProject
Project("{FAE04EC0-301F-11D3-BF4B-00C04F79EFBC}") = "UM.Application", "UM\UM.Application\UM.Application.csproj", "{825D3FFE-D119-45F8-AC0D-77604E76C95F}"
EndProject
Project("{FAE04EC0-301F-11D3-BF4B-00C04F79EFBC}") = "UM.Domain", "UM\UM.Domain\UM.Domain.csproj", "{8B891523-5C42-4CD9-87B0-E18192A30552}"
EndProject
Project("{2150E333-8FDC-42A3-9474-1A3956D46DE8}") = "Common", "Common", "{32F09424-E066-4FB1-8AE3-A4089EBBD2A6}"
EndProject
Project("{FAE04EC0-301F-11D3-BF4B-00C04F79EFBC}") = "Common.Persistence", "Common\Common.Persistence\Common.Persistence.csproj", "{3AD2C8D0-FC4F-4E17-8546-E2C20F539348}"
EndProject
Project("{FAE04EC0-301F-11D3-BF4B-00C04F79EFBC}") = "Common.Application", "Common\Common.Application\Common.Application.csproj", "{08AA83E3-BEA2-4194-9AC0-3A03E403B582}"
EndProject
Project("{FAE04EC0-301F-11D3-BF4B-00C04F79EFBC}") = "Common.ApiAuth", "Common\Common.ApiAuth\Common.ApiAuth.csproj", "{B9E228F5-C25B-4143-AC66-9AC8C5AC4062}"
EndProject
Project("{FAE04EC0-301F-11D3-BF4B-00C04F79EFBC}") = "Common.Api", "Common\Common.Api\Common.Api.csproj", "{4B26089C-1E26-467A-BABD-561657529118}"
EndProject
Project("{2150E333-8FDC-42A3-9474-1A3956D46DE8}") = "CM", "CM", "{9A134F30-C9FB-4E46-9EBD-4A243E2D9303}"
EndProject
Project("{FAE04EC0-301F-11D3-BF4B-00C04F79EFBC}") = "CM.Application", "CM\CM.Application\CM.Application.csproj", "{1FE46689-DB63-4F2A-AC2E-51C212A3CCFC}"
EndProject
Project("{FAE04EC0-301F-11D3-BF4B-00C04F79EFBC}") = "CM.Api", "CM\CM.Api\CM.Api.csproj", "{E0090072-0C93-4ACB-B7EB-0BB64E78BDE4}"
EndProject
Project("{2150E333-8FDC-42A3-9474-1A3956D46DE8}") = "VS", "VS", "{86E2E323-BBE4-48D7-A4BC-8D00EF6F6B91}"
EndProject
Project("{FAE04EC0-301F-11D3-BF4B-00C04F79EFBC}") = "VS.Domain", "VS\VS.Domain\VS.Domain.csproj", "{2BC022FF-7261-45C0-9212-5147523DC8C9}"
EndProject
Project("{FAE04EC0-301F-11D3-BF4B-00C04F79EFBC}") = "VS.Application", "VS\VS.Application\VS.Application.csproj", "{B01CC5E6-F6AA-4408-80E6-30933F4CD6C7}"
EndProject
Project("{FAE04EC0-301F-11D3-BF4B-00C04F79EFBC}") = "VS.Api", "VS\VS.Api\VS.Api.csproj", "{F67F0C4D-8BE4-46F0-AA5B-AEC72E7C60A9}"
EndProject
Global
	GlobalSection(SolutionConfigurationPlatforms) = preSolution
		Debug|Any CPU = Debug|Any CPU
		Release|Any CPU = Release|Any CPU
	EndGlobalSection
	GlobalSection(ProjectConfigurationPlatforms) = postSolution
		{7D60DE20-6B3B-4CEA-A137-3AEA4205EC01}.Debug|Any CPU.ActiveCfg = Debug|Any CPU
		{7D60DE20-6B3B-4CEA-A137-3AEA4205EC01}.Debug|Any CPU.Build.0 = Debug|Any CPU
		{7D60DE20-6B3B-4CEA-A137-3AEA4205EC01}.Release|Any CPU.ActiveCfg = Release|Any CPU
		{7D60DE20-6B3B-4CEA-A137-3AEA4205EC01}.Release|Any CPU.Build.0 = Release|Any CPU
		{825D3FFE-D119-45F8-AC0D-77604E76C95F}.Debug|Any CPU.ActiveCfg = Debug|Any CPU
		{825D3FFE-D119-45F8-AC0D-77604E76C95F}.Debug|Any CPU.Build.0 = Debug|Any CPU
		{825D3FFE-D119-45F8-AC0D-77604E76C95F}.Release|Any CPU.ActiveCfg = Release|Any CPU
		{825D3FFE-D119-45F8-AC0D-77604E76C95F}.Release|Any CPU.Build.0 = Release|Any CPU
		{8B891523-5C42-4CD9-87B0-E18192A30552}.Debug|Any CPU.ActiveCfg = Debug|Any CPU
		{8B891523-5C42-4CD9-87B0-E18192A30552}.Debug|Any CPU.Build.0 = Debug|Any CPU
		{8B891523-5C42-4CD9-87B0-E18192A30552}.Release|Any CPU.ActiveCfg = Release|Any CPU
		{8B891523-5C42-4CD9-87B0-E18192A30552}.Release|Any CPU.Build.0 = Release|Any CPU
		{3AD2C8D0-FC4F-4E17-8546-E2C20F539348}.Debug|Any CPU.ActiveCfg = Debug|Any CPU
		{3AD2C8D0-FC4F-4E17-8546-E2C20F539348}.Debug|Any CPU.Build.0 = Debug|Any CPU
		{3AD2C8D0-FC4F-4E17-8546-E2C20F539348}.Release|Any CPU.ActiveCfg = Release|Any CPU
		{3AD2C8D0-FC4F-4E17-8546-E2C20F539348}.Release|Any CPU.Build.0 = Release|Any CPU
		{08AA83E3-BEA2-4194-9AC0-3A03E403B582}.Debug|Any CPU.ActiveCfg = Debug|Any CPU
		{08AA83E3-BEA2-4194-9AC0-3A03E403B582}.Debug|Any CPU.Build.0 = Debug|Any CPU
		{08AA83E3-BEA2-4194-9AC0-3A03E403B582}.Release|Any CPU.ActiveCfg = Release|Any CPU
		{08AA83E3-BEA2-4194-9AC0-3A03E403B582}.Release|Any CPU.Build.0 = Release|Any CPU
		{B9E228F5-C25B-4143-AC66-9AC8C5AC4062}.Debug|Any CPU.ActiveCfg = Debug|Any CPU
		{B9E228F5-C25B-4143-AC66-9AC8C5AC4062}.Debug|Any CPU.Build.0 = Debug|Any CPU
		{B9E228F5-C25B-4143-AC66-9AC8C5AC4062}.Release|Any CPU.ActiveCfg = Release|Any CPU
		{B9E228F5-C25B-4143-AC66-9AC8C5AC4062}.Release|Any CPU.Build.0 = Release|Any CPU
		{4B26089C-1E26-467A-BABD-561657529118}.Debug|Any CPU.ActiveCfg = Debug|Any CPU
		{4B26089C-1E26-467A-BABD-561657529118}.Debug|Any CPU.Build.0 = Debug|Any CPU
		{4B26089C-1E26-467A-BABD-561657529118}.Release|Any CPU.ActiveCfg = Release|Any CPU
		{4B26089C-1E26-467A-BABD-561657529118}.Release|Any CPU.Build.0 = Release|Any CPU
		{1FE46689-DB63-4F2A-AC2E-51C212A3CCFC}.Debug|Any CPU.ActiveCfg = Debug|Any CPU
		{1FE46689-DB63-4F2A-AC2E-51C212A3CCFC}.Debug|Any CPU.Build.0 = Debug|Any CPU
		{1FE46689-DB63-4F2A-AC2E-51C212A3CCFC}.Release|Any CPU.ActiveCfg = Release|Any CPU
		{1FE46689-DB63-4F2A-AC2E-51C212A3CCFC}.Release|Any CPU.Build.0 = Release|Any CPU
		{E0090072-0C93-4ACB-B7EB-0BB64E78BDE4}.Debug|Any CPU.ActiveCfg = Debug|Any CPU
		{E0090072-0C93-4ACB-B7EB-0BB64E78BDE4}.Debug|Any CPU.Build.0 = Debug|Any CPU
		{E0090072-0C93-4ACB-B7EB-0BB64E78BDE4}.Release|Any CPU.ActiveCfg = Release|Any CPU
		{E0090072-0C93-4ACB-B7EB-0BB64E78BDE4}.Release|Any CPU.Build.0 = Release|Any CPU
		{2BC022FF-7261-45C0-9212-5147523DC8C9}.Debug|Any CPU.ActiveCfg = Debug|Any CPU
		{2BC022FF-7261-45C0-9212-5147523DC8C9}.Debug|Any CPU.Build.0 = Debug|Any CPU
		{2BC022FF-7261-45C0-9212-5147523DC8C9}.Release|Any CPU.ActiveCfg = Release|Any CPU
		{2BC022FF-7261-45C0-9212-5147523DC8C9}.Release|Any CPU.Build.0 = Release|Any CPU
		{B01CC5E6-F6AA-4408-80E6-30933F4CD6C7}.Debug|Any CPU.ActiveCfg = Debug|Any CPU
		{B01CC5E6-F6AA-4408-80E6-30933F4CD6C7}.Debug|Any CPU.Build.0 = Debug|Any CPU
		{B01CC5E6-F6AA-4408-80E6-30933F4CD6C7}.Release|Any CPU.ActiveCfg = Release|Any CPU
		{B01CC5E6-F6AA-4408-80E6-30933F4CD6C7}.Release|Any CPU.Build.0 = Release|Any CPU
		{F67F0C4D-8BE4-46F0-AA5B-AEC72E7C60A9}.Debug|Any CPU.ActiveCfg = Debug|Any CPU
		{F67F0C4D-8BE4-46F0-AA5B-AEC72E7C60A9}.Debug|Any CPU.Build.0 = Debug|Any CPU
		{F67F0C4D-8BE4-46F0-AA5B-AEC72E7C60A9}.Release|Any CPU.ActiveCfg = Release|Any CPU
		{F67F0C4D-8BE4-46F0-AA5B-AEC72E7C60A9}.Release|Any CPU.Build.0 = Release|Any CPU
	EndGlobalSection
	GlobalSection(NestedProjects) = preSolution
		{7D60DE20-6B3B-4CEA-A137-3AEA4205EC01} = {0D044FB5-A5A2-4D2E-B2E0-C8E7BD815C9C}
		{825D3FFE-D119-45F8-AC0D-77604E76C95F} = {0D044FB5-A5A2-4D2E-B2E0-C8E7BD815C9C}
		{8B891523-5C42-4CD9-87B0-E18192A30552} = {0D044FB5-A5A2-4D2E-B2E0-C8E7BD815C9C}
		{3AD2C8D0-FC4F-4E17-8546-E2C20F539348} = {32F09424-E066-4FB1-8AE3-A4089EBBD2A6}
		{08AA83E3-BEA2-4194-9AC0-3A03E403B582} = {32F09424-E066-4FB1-8AE3-A4089EBBD2A6}
		{B9E228F5-C25B-4143-AC66-9AC8C5AC4062} = {32F09424-E066-4FB1-8AE3-A4089EBBD2A6}
		{4B26089C-1E26-467A-BABD-561657529118} = {32F09424-E066-4FB1-8AE3-A4089EBBD2A6}
		{1FE46689-DB63-4F2A-AC2E-51C212A3CCFC} = {9A134F30-C9FB-4E46-9EBD-4A243E2D9303}
		{E0090072-0C93-4ACB-B7EB-0BB64E78BDE4} = {9A134F30-C9FB-4E46-9EBD-4A243E2D9303}
		{2BC022FF-7261-45C0-9212-5147523DC8C9} = {86E2E323-BBE4-48D7-A4BC-8D00EF6F6B91}
		{B01CC5E6-F6AA-4408-80E6-30933F4CD6C7} = {86E2E323-BBE4-48D7-A4BC-8D00EF6F6B91}
		{F67F0C4D-8BE4-46F0-AA5B-AEC72E7C60A9} = {86E2E323-BBE4-48D7-A4BC-8D00EF6F6B91}
	EndGlobalSection
EndGlobal
